hash: 9ee74c146cfdced0a25ed67fdc42d6559905a8512193f67c72a89df746b6ea9c
updated: 2018-12-06T16:10:28.633516114+08:00
imports:
- name: github.com/howeyc/fsnotify
  version: f0c08ee9c60704c1879025f2ae0ff3e000082c13
- name: golang.org/x/net
  version: 04a2e542c03f1d053ab3e4d6e5abcd4b66e2be8e
  subpackages:
  - websocket
testImports: []
